
Microsoft Visual Studio Solution File, Format Version 12.00
# Visual Studio 2012
Project("{FAE04EC0-301F-11D3-BF4B-00C04F79EFBC}") = "DsoA_3", "DsoA_3\DsoA_3.csproj", "{B1CD1ABB-D6DC-4523-A237-F56F951F4487}"
EndProject
Global
	GlobalSection(SolutionConfigurationPlatforms) = preSolution
		Debug|Any CPU = Debug|Any CPU
		Release|Any CPU = Release|Any CPU
	EndGlobalSection
	GlobalSection(ProjectConfigurationPlatforms) = postSolution
		{B1CD1ABB-D6DC-4523-A237-F56F951F4487}.Debug|Any CPU.ActiveCfg = Debug|Any CPU
		{B1CD1ABB-D6DC-4523-A237-F56F951F4487}.Debug|Any CPU.Build.0 = Debug|Any CPU
		{B1CD1ABB-D6DC-4523-A237-F56F951F4487}.Release|Any CPU.ActiveCfg = Release|Any CPU
		{B1CD1ABB-D6DC-4523-A237-F56F951F4487}.Release|Any CPU.Build.0 = Release|Any CPU
	EndGlobalSection
	GlobalSection(SolutionProperties) = preSolution
		HideSolutionNode = FALSE
	EndGlobalSection
EndGlobal
